
Microsoft Visual Studio Solution File, Format Version 12.00
# Visual Studio Version 16
VisualStudioVersion = 16.0.31424.327
MinimumVisualStudioVersion = 10.0.40219.1
Project("{FAE04EC0-301F-11D3-BF4B-00C04F79EFBC}") = "JobAdder.API", "JobAdder.API\JobAdder.API.csproj", "{2C34A0D3-F4C3-4FF9-B8FF-822F1530EEAF}"
EndProject
Project("{FAE04EC0-301F-11D3-BF4B-00C04F79EFBC}") = "JobAdderApi.Data", "JobAdderApi.Lib.Data\JobAdderApi.Data.csproj", "{CE20E471-669F-4C8E-8BAE-C2D51C933969}"
EndProject
Project("{FAE04EC0-301F-11D3-BF4B-00C04F79EFBC}") = "JobAdder.Data.Test", "JobAdder.Data.Test\JobAdder.Data.Test.csproj", "{1456AC22-3F6D-4E4C-82F0-47F53964140A}"
EndProject
Global
	GlobalSection(SolutionConfigurationPlatforms) = preSolution
		Debug|Any CPU = Debug|Any CPU
		Release|Any CPU = Release|Any CPU
	EndGlobalSection
	GlobalSection(ProjectConfigurationPlatforms) = postSolution
		{2C34A0D3-F4C3-4FF9-B8FF-822F1530EEAF}.Debug|Any CPU.ActiveCfg = Debug|Any CPU
		{2C34A0D3-F4C3-4FF9-B8FF-822F1530EEAF}.Debug|Any CPU.Build.0 = Debug|Any CPU
		{2C34A0D3-F4C3-4FF9-B8FF-822F1530EEAF}.Release|Any CPU.ActiveCfg = Release|Any CPU
		{2C34A0D3-F4C3-4FF9-B8FF-822F1530EEAF}.Release|Any CPU.Build.0 = Release|Any CPU
		{CE20E471-669F-4C8E-8BAE-C2D51C933969}.Debug|Any CPU.ActiveCfg = Debug|Any CPU
		{CE20E471-669F-4C8E-8BAE-C2D51C933969}.Debug|Any CPU.Build.0 = Debug|Any CPU
		{CE20E471-669F-4C8E-8BAE-C2D51C933969}.Release|Any CPU.ActiveCfg = Release|Any CPU
		{CE20E471-669F-4C8E-8BAE-C2D51C933969}.Release|Any CPU.Build.0 = Release|Any CPU
		{1456AC22-3F6D-4E4C-82F0-47F53964140A}.Debug|Any CPU.ActiveCfg = Debug|Any CPU
		{1456AC22-3F6D-4E4C-82F0-47F53964140A}.Debug|Any CPU.Build.0 = Debug|Any CPU
		{1456AC22-3F6D-4E4C-82F0-47F53964140A}.Release|Any CPU.ActiveCfg = Release|Any CPU
		{1456AC22-3F6D-4E4C-82F0-47F53964140A}.Release|Any CPU.Build.0 = Release|Any CPU
	EndGlobalSection
	GlobalSection(SolutionProperties) = preSolution
		HideSolutionNode = FALSE
	EndGlobalSection
	GlobalSection(ExtensibilityGlobals) = postSolution
		SolutionGuid = {BADA373D-99FD-4CC1-91B4-0A088FFCE432}
	EndGlobalSection
EndGlobal
